
Microsoft Visual Studio Solution File, Format Version 12.00
# Visual Studio Version 17
VisualStudioVersion = 17.14.37314.3 d17.14
MinimumVisualStudioVersion = 10.0.40219.1
Project("{FAE04EC0-301F-11D3-BF4B-00C04F79EFBC}") = "WordCards", "WordCards\WordCards.csproj", "{429DF6E0-8DA7-4A2C-AE46-A386A2C217B0}"
EndProject
Global
	GlobalSection(SolutionConfigurationPlatforms) = preSolution
		Debug|Any CPU = Debug|Any CPU
		Release|Any CPU = Release|Any CPU
	EndGlobalSection
	GlobalSection(ProjectConfigurationPlatforms) = postSolution
		{429DF6E0-8DA7-4A2C-AE46-A386A2C217B0}.Debug|Any CPU.ActiveCfg = Debug|Any CPU
		{429DF6E0-8DA7-4A2C-AE46-A386A2C217B0}.Debug|Any CPU.Build.0 = Debug|Any CPU
		{429DF6E0-8DA7-4A2C-AE46-A386A2C217B0}.Release|Any CPU.ActiveCfg = Release|Any CPU
		{429DF6E0-8DA7-4A2C-AE46-A386A2C217B0}.Release|Any CPU.Build.0 = Release|Any CPU
	EndGlobalSection
	GlobalSection(SolutionProperties) = preSolution
		HideSolutionNode = FALSE
	EndGlobalSection
	GlobalSection(ExtensibilityGlobals) = postSolution
		SolutionGuid = {8DDB5500-C9F2-4F52-8417-3F66E0E442C9}
	EndGlobalSection
EndGlobal
